
Microsoft Visual Studio Solution File, Format Version 12.00
# Visual Studio Version 17
VisualStudioVersion = 17.4.32804.182
MinimumVisualStudioVersion = 10.0.40219.1
Project("{FAE04EC0-301F-11D3-BF4B-00C04F79EFBC}") = "NpgsqlNetStandard2.0NetFramework", "NpgsqlNetStandard2.0NetFramework.csproj", "{9A94CE77-8416-4418-97CF-E2B80D464927}"
EndProject
Global
	GlobalSection(SolutionConfigurationPlatforms) = preSolution
		Debug|Any CPU = Debug|Any CPU
		Release|Any CPU = Release|Any CPU
	EndGlobalSection
	GlobalSection(ProjectConfigurationPlatforms) = postSolution
		{9A94CE77-8416-4418-97CF-E2B80D464927}.Debug|Any CPU.ActiveCfg = Debug|Any CPU
		{9A94CE77-8416-4418-97CF-E2B80D464927}.Debug|Any CPU.Build.0 = Debug|Any CPU
		{9A94CE77-8416-4418-97CF-E2B80D464927}.Release|Any CPU.ActiveCfg = Release|Any CPU
		{9A94CE77-8416-4418-97CF-E2B80D464927}.Release|Any CPU.Build.0 = Release|Any CPU
	EndGlobalSection
	GlobalSection(SolutionProperties) = preSolution
		HideSolutionNode = FALSE
	EndGlobalSection
	GlobalSection(ExtensibilityGlobals) = postSolution
		SolutionGuid = {7285EA57-199B-40EC-BF01-6AEA553ED1C1}
	EndGlobalSection
EndGlobal
